
Microsoft Visual Studio Solution File, Format Version 12.00
# Visual Studio Version 16
VisualStudioVersion = 16.0.28705.295
MinimumVisualStudioVersion = 10.0.40219.1
Project("{FAE04EC0-301F-11D3-BF4B-00C04F79EFBC}") = "MarsRovers", "MarsRovers\MarsRovers.csproj", "{0AFD1E5D-C016-4CAA-8700-BFE86247F759}"
EndProject
Project("{FAE04EC0-301F-11D3-BF4B-00C04F79EFBC}") = "MarsRovers.Tests", "MarsRovers.Tests\MarsRovers.Tests.csproj", "{76419CD5-9824-4596-8F9D-AFC7186A4588}"
EndProject
Global
	GlobalSection(SolutionConfigurationPlatforms) = preSolution
		Debug|Any CPU = Debug|Any CPU
		Release|Any CPU = Release|Any CPU
	EndGlobalSection
	GlobalSection(ProjectConfigurationPlatforms) = postSolution
		{0AFD1E5D-C016-4CAA-8700-BFE86247F759}.Debug|Any CPU.ActiveCfg = Debug|Any CPU
		{0AFD1E5D-C016-4CAA-8700-BFE86247F759}.Debug|Any CPU.Build.0 = Debug|Any CPU
		{0AFD1E5D-C016-4CAA-8700-BFE86247F759}.Release|Any CPU.ActiveCfg = Release|Any CPU
		{0AFD1E5D-C016-4CAA-8700-BFE86247F759}.Release|Any CPU.Build.0 = Release|Any CPU
		{76419CD5-9824-4596-8F9D-AFC7186A4588}.Debug|Any CPU.ActiveCfg = Debug|Any CPU
		{76419CD5-9824-4596-8F9D-AFC7186A4588}.Debug|Any CPU.Build.0 = Debug|Any CPU
		{76419CD5-9824-4596-8F9D-AFC7186A4588}.Release|Any CPU.ActiveCfg = Release|Any CPU
		{76419CD5-9824-4596-8F9D-AFC7186A4588}.Release|Any CPU.Build.0 = Release|Any CPU
	EndGlobalSection
	GlobalSection(SolutionProperties) = preSolution
		HideSolutionNode = FALSE
	EndGlobalSection
	GlobalSection(ExtensibilityGlobals) = postSolution
		SolutionGuid = {D92955B0-9940-469D-A28D-A09F5AEE2839}
	EndGlobalSection
EndGlobal
